
Microsoft Visual Studio Solution File, Format Version 12.00
# Visual Studio Version 17
VisualStudioVersion = 17.9.34728.123
MinimumVisualStudioVersion = 10.0.40219.1
Project("{9A19103F-16F7-4668-BE54-9A1E7A4F7556}") = "Task1", "Task1\Task1.csproj", "{4F46E124-D27D-42B5-922E-10E5B8F4A613}"
EndProject
Project("{9A19103F-16F7-4668-BE54-9A1E7A4F7556}") = "Task2", "Task2\Task2.csproj", "{813DB62D-8BC9-4B76-B4FA-7C6DDA21ED9B}"
EndProject
Project("{FAE04EC0-301F-11D3-BF4B-00C04F79EFBC}") = "Task3", "Task3\Task3.csproj", "{B1EF63CC-12D4-4AA8-8D77-2F9BD9DE036B}"
EndProject
Project("{FAE04EC0-301F-11D3-BF4B-00C04F79EFBC}") = "Task4", "Task4\Task4.csproj", "{2262BE8D-1FDF-45E3-9436-366B072CCAFE}"
EndProject
Project("{FAE04EC0-301F-11D3-BF4B-00C04F79EFBC}") = "Task5", "Task5\Task5.csproj", "{4241227F-F541-4C1D-83F4-B59CC49B98FF}"
EndProject
Global
	GlobalSection(SolutionConfigurationPlatforms) = preSolution
		Debug|Any CPU = Debug|Any CPU
		Release|Any CPU = Release|Any CPU
	EndGlobalSection
	GlobalSection(ProjectConfigurationPlatforms) = postSolution
		{4F46E124-D27D-42B5-922E-10E5B8F4A613}.Debug|Any CPU.ActiveCfg = Debug|Any CPU
		{4F46E124-D27D-42B5-922E-10E5B8F4A613}.Debug|Any CPU.Build.0 = Debug|Any CPU
		{4F46E124-D27D-42B5-922E-10E5B8F4A613}.Release|Any CPU.ActiveCfg = Release|Any CPU
		{4F46E124-D27D-42B5-922E-10E5B8F4A613}.Release|Any CPU.Build.0 = Release|Any CPU
		{813DB62D-8BC9-4B76-B4FA-7C6DDA21ED9B}.Debug|Any CPU.ActiveCfg = Debug|Any CPU
		{813DB62D-8BC9-4B76-B4FA-7C6DDA21ED9B}.Debug|Any CPU.Build.0 = Debug|Any CPU
		{813DB62D-8BC9-4B76-B4FA-7C6DDA21ED9B}.Release|Any CPU.ActiveCfg = Release|Any CPU
		{813DB62D-8BC9-4B76-B4FA-7C6DDA21ED9B}.Release|Any CPU.Build.0 = Release|Any CPU
		{B1EF63CC-12D4-4AA8-8D77-2F9BD9DE036B}.Debug|Any CPU.ActiveCfg = Debug|Any CPU
		{B1EF63CC-12D4-4AA8-8D77-2F9BD9DE036B}.Debug|Any CPU.Build.0 = Debug|Any CPU
		{B1EF63CC-12D4-4AA8-8D77-2F9BD9DE036B}.Release|Any CPU.ActiveCfg = Release|Any CPU
		{B1EF63CC-12D4-4AA8-8D77-2F9BD9DE036B}.Release|Any CPU.Build.0 = Release|Any CPU
		{2262BE8D-1FDF-45E3-9436-366B072CCAFE}.Debug|Any CPU.ActiveCfg = Debug|Any CPU
		{2262BE8D-1FDF-45E3-9436-366B072CCAFE}.Debug|Any CPU.Build.0 = Debug|Any CPU
		{2262BE8D-1FDF-45E3-9436-366B072CCAFE}.Release|Any CPU.ActiveCfg = Release|Any CPU
		{2262BE8D-1FDF-45E3-9436-366B072CCAFE}.Release|Any CPU.Build.0 = Release|Any CPU
		{4241227F-F541-4C1D-83F4-B59CC49B98FF}.Debug|Any CPU.ActiveCfg = Debug|Any CPU
		{4241227F-F541-4C1D-83F4-B59CC49B98FF}.Debug|Any CPU.Build.0 = Debug|Any CPU
		{4241227F-F541-4C1D-83F4-B59CC49B98FF}.Release|Any CPU.ActiveCfg = Release|Any CPU
		{4241227F-F541-4C1D-83F4-B59CC49B98FF}.Release|Any CPU.Build.0 = Release|Any CPU
	EndGlobalSection
	GlobalSection(SolutionProperties) = preSolution
		HideSolutionNode = FALSE
	EndGlobalSection
	GlobalSection(ExtensibilityGlobals) = postSolution
		SolutionGuid = {13DF3F4D-ADD7-41B4-ABF6-D22A495E6802}
	EndGlobalSection
EndGlobal
